
Microsoft Visual Studio Solution File, Format Version 12.00
# Visual Studio 15
VisualStudioVersion = 15.0.28307.1267
MinimumVisualStudioVersion = 10.0.40219.1
Project("{FAE04EC0-301F-11D3-BF4B-00C04F79EFBC}") = "caNotas", "caNotas\caNotas.csproj", "{BBD056B2-EC80-4906-8FE0-C5B0191B2A69}"
EndProject
Global
	GlobalSection(SolutionConfigurationPlatforms) = preSolution
		Debug|Any CPU = Debug|Any CPU
		Release|Any CPU = Release|Any CPU
	EndGlobalSection
	GlobalSection(ProjectConfigurationPlatforms) = postSolution
		{BBD056B2-EC80-4906-8FE0-C5B0191B2A69}.Debug|Any CPU.ActiveCfg = Debug|Any CPU
		{BBD056B2-EC80-4906-8FE0-C5B0191B2A69}.Debug|Any CPU.Build.0 = Debug|Any CPU
		{BBD056B2-EC80-4906-8FE0-C5B0191B2A69}.Release|Any CPU.ActiveCfg = Release|Any CPU
		{BBD056B2-EC80-4906-8FE0-C5B0191B2A69}.Release|Any CPU.Build.0 = Release|Any CPU
	EndGlobalSection
	GlobalSection(SolutionProperties) = preSolution
		HideSolutionNode = FALSE
	EndGlobalSection
	GlobalSection(ExtensibilityGlobals) = postSolution
		SolutionGuid = {0C1C2A8B-BBA6-4925-83D3-A81099E1CF73}
	EndGlobalSection
EndGlobal
